// !$*UTF8*$!
{
	archiveVersion = 1;
	classes = {
	};
	objectVersion = 50;
	objects = {

/* Begin PBXBuildFile section */
		D71E08DF2661EC3300191512 /* AppDelegate.swift in Sources */ = {isa = PBXBuildFile; fileRef = D71E08DE2661EC3300191512 /* AppDelegate.swift */; };
		D71E08E12661EC3300191512 /* SceneDelegate.swift in Sources */ = {isa = PBXBuildFile; fileRef = D71E08E02661EC3300191512 /* SceneDelegate.swift */; };
		D71E08E32661EC3300191512 /* ViewController.swift in Sources */ = {isa = PBXBuildFile; fileRef = D71E08E22661EC3300191512 /* ViewController.swift */; };
		D71E08E62661EC3300191512 /* Main.storyboard in Resources */ = {isa = PBXBuildFile; fileRef = D71E08E42661EC3300191512 /* Main.storyboard */; };
		D71E08E82661EC3600191512 /* Assets.xcassets in Resources */ = {isa = PBXBuildFile; fileRef = D71E08E72661EC3600191512 /* Assets.xcassets */; };
		D71E08EB2661EC3600191512 /* LaunchScreen.storyboard in Resources */ = {isa = PBXBuildFile; fileRef = D71E08E92661EC3600191512 /* LaunchScreen.storyboard */; };
		D71E08F62661EC3700191512 /* friendListTests.swift in Sources */ = {isa = PBXBuildFile; fileRef = D71E08F52661EC3700191512 /* friendListTests.swift */; };
		D71E09012661EC3700191512 /* friendListUITests.swift in Sources */ = {isa = PBXBuildFile; fileRef = D71E09002661EC3700191512 /* friendListUITests.swift */; };
		D71E090F2661F34800191512 /* CustomCell.swift in Sources */ = {isa = PBXBuildFile; fileRef = D71E090E2661F34800191512 /* CustomCell.swift */; };
/* End PBXBuildFile section */

/* Begin PBXContainerItemProxy section */
		D71E08F22661EC3700191512 /* PBXContainerItemProxy */ = {
			isa = PBXContainerItemProxy;
			containerPortal = D71E08D32661EC3200191512 /* Project object */;
			proxyType = 1;
			remoteGlobalIDString = D71E08DA2661EC3300191512;
			remoteInfo = friendList;
		};
		D71E08FD2661EC3700191512 /* PBXContainerItemProxy */ = {
			isa = PBXContainerItemProxy;
			containerPortal = D71E08D32661EC3200191512 /* Project object */;
			proxyType = 1;
			remoteGlobalIDString = D71E08DA2661EC3300191512;
			remoteInfo = friendList;
		};
/* End PBXContainerItemProxy section */

/* Begin PBXFileReference section */
		D71E08DB2661EC3300191512 /* friendList.app */ = {isa = PBXFileReference; explicitFileType = wrapper.application; includeInIndex = 0; path = friendList.app; sourceTree = BUILT_PRODUCTS_DIR; };
		D71E08DE2661EC3300191512 /* AppDelegate.swift */ = {isa = PBXFileReference; lastKnownFileType = sourcecode.swift; path = AppDelegate.swift; sourceTree = "<group>"; };
		D71E08E02661EC3300191512 /* SceneDelegate.swift */ = {isa = PBXFileReference; lastKnownFileType = sourcecode.swift; path = SceneDelegate.swift; sourceTree = "<group>"; };
		D71E08E22661EC3300191512 /* ViewController.swift */ = {isa = PBXFileReference; lastKnownFileType = sourcecode.swift; path = ViewController.swift; sourceTree = "<group>"; };
		D71E08E52661EC3300191512 /* Base */ = {isa = PBXFileReference; lastKnownFileType = file.storyboard; name = Base; path = Base.lproj/Main.storyboard; sourceTree = "<group>"; };
		D71E08E72661EC3600191512 /* Assets.xcassets */ = {isa = PBXFileReference; lastKnownFileType = folder.assetcatalog; path = Assets.xcassets; sourceTree = "<group>"; };
		D71E08EA2661EC3600191512 /* Base */ = {isa = PBXFileReference; lastKnownFileType = file.storyboard; name = Base; path = Base.lproj/LaunchScreen.storyboard; sourceTree = "<group>"; };
		D71E08EC2661EC3600191512 /* Info.plist */ = {isa = PBXFileReference; lastKnownFileType = text.plist.xml; path = Info.plist; sourceTree = "<group>"; };
		D71E08F12661EC3700191512 /* friendListTests.xctest */ = {isa = PBXFileReference; explicitFileType = wrapper.cfbundle; includeInIndex = 0; path = friendListTests.xctest; sourceTree = BUILT_PRODUCTS_DIR; };
		D71E08F52661EC3700191512 /* friendListTests.swift */ = {isa = PBXFileReference; lastKnownFileType = sourcecode.swift; path = friendListTests.swift; sourceTree = "<group>"; };
		D71E08F72661EC3700191512 /* Info.plist */ = {isa = PBXFileReference; lastKnownFileType = text.plist.xml; path = Info.plist; sourceTree = "<group>"; };
		D71E08FC2661EC3700191512 /* friendListUITests.xctest */ = {isa = PBXFileReference; explicitFileType = wrapper.cfbundle; includeInIndex = 0; path = friendListUITests.xctest; sourceTree = BUILT_PRODUCTS_DIR; };
		D71E09002661EC3700191512 /* friendListUITests.swift */ = {isa = PBXFileReference; lastKnownFileType = sourcecode.swift; path = friendListUITests.swift; sourceTree = "<group>"; };
		D71E09022661EC3700191512 /* Info.plist */ = {isa = PBXFileReference; lastKnownFileType = text.plist.xml; path = Info.plist; sourceTree = "<group>"; };
		D71E090E2661F34800191512 /* CustomCell.swift */ = {isa = PBXFileReference; lastKnownFileType = sourcecode.swift; path = CustomCell.swift; sourceTree = "<group>"; };
/* End PBXFileReference section */

/* Begin PBXFrameworksBuildPhase section */
		D71E08D82661EC3300191512 /* Frameworks */ = {
			isa = PBXFrameworksBuildPhase;
			buildActionMask = 2147483647;
			files = (
			);
			runOnlyForDeploymentPostprocessing = 0;
		};
		D71E08EE2661EC3700191512 /* Frameworks */ = {
			isa = PBXFrameworksBuildPhase;
			buildActionMask = 2147483647;
			files = (
			);
			runOnlyForDeploymentPostprocessing = 0;
		};
		D71E08F92661EC3700191512 /* Frameworks */ = {
			isa = PBXFrameworksBuildPhase;
			buildActionMask = 2147483647;
			files = (
			);
			runOnlyForDeploymentPostprocessing = 0;
		};
/* End PBXFrameworksBuildPhase section */

/* Begin PBXGroup section */
		D71E08D22661EC3200191512 = {
			isa = PBXGroup;
			children = (
				D71E08DD2661EC3300191512 /* friendList */,
				D71E08F42661EC3700191512 /* friendListTests */,
				D71E08FF2661EC3700191512 /* friendListUITests */,
				D71E08DC2661EC3300191512 /* Products */,
			);
			sourceTree = "<group>";
		};
		D71E08DC2661EC3300191512 /* Products */ = {
			isa = PBXGroup;
			children = (
				D71E08DB2661EC3300191512 /* friendList.app */,
				D71E08F12661EC3700191512 /* friendListTests.xctest */,
				D71E08FC2661EC3700191512 /* friendListUITests.xctest */,
			);
			name = Products;
			sourceTree = "<group>";
		};
		D71E08DD2661EC3300191512 /* friendList */ = {
			isa = PBXGroup;
			children = (
				D71E08DE2661EC3300191512 /* AppDelegate.swift */,
				D71E08E02661EC3300191512 /* SceneDelegate.swift */,
				D71E08E22661EC3300191512 /* ViewController.swift */,
				D71E090E2661F34800191512 /* CustomCell.swift */,
				D71E08E42661EC3300191512 /* Main.storyboard */,
				D71E08E72661EC3600191512 /* Assets.xcassets */,
				D71E08E92661EC3600191512 /* LaunchScreen.storyboard */,
				D71E08EC2661EC3600191512 /* Info.plist */,
			);
			path = friendList;
			sourceTree = "<group>";
		};
		D71E08F42661EC3700191512 /* friendListTests */ = {
			isa = PBXGroup;
			children = (
				D71E08F52661EC3700191512 /* friendListTests.swift */,
				D71E08F72661EC3700191512 /* Info.plist */,
			);
			path = friendListTests;
			sourceTree = "<group>";
		};
		D71E08FF2661EC3700191512 /* friendListUITests */ = {
			isa = PBXGroup;
			children = (
				D71E09002661EC3700191512 /* friendListUITests.swift */,
				D71E09022661EC3700191512 /* Info.plist */,
			);
			path = friendListUITests;
			sourceTree = "<group>";
		};
/* End PBXGroup section */

/* Begin PBXNativeTarget section */
		D71E08DA2661EC3300191512 /* friendList */ = {
			isa = PBXNativeTarget;
			buildConfigurationList = D71E09052661EC3700191512 /* Build configuration list for PBXNativeTarget "friendList" */;
			buildPhases = (
				D71E08D72661EC3300191512 /* Sources */,
				D71E08D82661EC3300191512 /* Frameworks */,
				D71E08D92661EC3300191512 /* Resources */,
			);
			buildRules = (
			);
			dependencies = (
			);
			name = friendList;
			productName = friendList;
			productReference = D71E08DB2661EC3300191512 /* friendList.app */;
			productType = "com.apple.product-type.application";
		};
		D71E08F02661EC3700191512 /* friendListTests */ = {
			isa = PBXNativeTarget;
			buildConfigurationList = D71E09082661EC3700191512 /* Build configuration list for PBXNativeTarget "friendListTests" */;
			buildPhases = (
				D71E08ED2661EC3700191512 /* Sources */,
				D71E08EE2661EC3700191512 /* Frameworks */,
				D71E08EF2661EC3700191512 /* Resources */,
			);
			buildRules = (
			);
			dependencies = (
				D71E08F32661EC3700191512 /* PBXTargetDependency */,
			);
			name = friendListTests;
			productName = friendListTests;
			productReference = D71E08F12661EC3700191512 /* friendListTests.xctest */;
			productType = "com.apple.product-type.bundle.unit-test";
		};
		D71E08FB2661EC3700191512 /* friendListUITests */ = {
			isa = PBXNativeTarget;
			buildConfigurationList = D71E090B2661EC3700191512 /* Build configuration list for PBXNativeTarget "friendListUITests" */;
			buildPhases = (
				D71E08F82661EC3700191512 /* Sources */,
				D71E08F92661EC3700191512 /* Frameworks */,
				D71E08FA2661EC3700191512 /* Resources */,
			);
			buildRules = (
			);
			dependencies = (
				D71E08FE2661EC3700191512 /* PBXTargetDependency */,
			);
			name = friendListUITests;
			productName = friendListUITests;
			productReference = D71E08FC2661EC3700191512 /* friendListUITests.xctest */;
			productType = "com.apple.product-type.bundle.ui-testing";
		};
/* End PBXNativeTarget section */

/* Begin PBXProject section */
		D71E08D32661EC3200191512 /* Project object */ = {
			isa = PBXProject;
			attributes = {
				LastSwiftUpdateCheck = 1250;
				LastUpgradeCheck = 1250;
				TargetAttributes = {
					D71E08DA2661EC3300191512 = {
						CreatedOnToolsVersion = 12.5;
					};
					D71E08F02661EC3700191512 = {
						CreatedOnToolsVersion = 12.5;
						TestTargetID = D71E08DA2661EC3300191512;
					};
					D71E08FB2661EC3700191512 = {
						CreatedOnToolsVersion = 12.5;
						TestTargetID = D71E08DA2661EC3300191512;
					};
				};
			};
			buildConfigurationList = D71E08D62661EC3200191512 /* Build configuration list for PBXProject "friendList" */;
			compatibilityVersion = "Xcode 9.3";
			developmentRegion = en;
			hasScannedForEncodings = 0;
			knownRegions = (
				en,
				Base,
			);
			mainGroup = D71E08D22661EC3200191512;
			productRefGroup = D71E08DC2661EC3300191512 /* Products */;
			projectDirPath = "";
			projectRoot = "";
			targets = (
				D71E08DA2661EC3300191512 /* friendList */,
				D71E08F02661EC3700191512 /* friendListTests */,
				D71E08FB2661EC3700191512 /* friendListUITests */,
			);
		};
/* End PBXProject section */

/* Begin PBXResourcesBuildPhase section */
		D71E08D92661EC3300191512 /* Resources */ = {
			isa = PBXResourcesBuildPhase;
			buildActionMask = 2147483647;
			files = (
				D71E08EB2661EC3600191512 /* LaunchScreen.storyboard in Resources */,
				D71E08E82661EC3600191512 /* Assets.xcassets in Resources */,
				D71E08E62661EC3300191512 /* Main.storyboard in Resources */,
			);
			runOnlyForDeploymentPostprocessing = 0;
		};
		D71E08EF2661EC3700191512 /* Resources */ = {
			isa = PBXResourcesBuildPhase;
			buildActionMask = 2147483647;
			files = (
			);
			runOnlyForDeploymentPostprocessing = 0;
		};
		D71E08FA2661EC3700191512 /* Resources */ = {
			isa = PBXResourcesBuildPhase;
			buildActionMask = 2147483647;
			files = (
			);
			runOnlyForDeploymentPostprocessing = 0;
		};
/* End PBXResourcesBuildPhase section */

/* Begin PBXSourcesBuildPhase section */
		D71E08D72661EC3300191512 /* Sources */ = {
			isa = PBXSourcesBuildPhase;
			buildActionMask = 2147483647;
			files = (
				D71E08E32661EC3300191512 /* ViewController.swift in Sources */,
				D71E08DF2661EC3300191512 /* AppDelegate.swift in Sources */,
				D71E090F2661F34800191512 /* CustomCell.swift in Sources */,
				D71E08E12661EC3300191512 /* SceneDelegate.swift in Sources */,
			);
			runOnlyForDeploymentPostprocessing = 0;
		};
		D71E08ED2661EC3700191512 /* Sources */ = {
			isa = PBXSourcesBuildPhase;
			buildActionMask = 2147483647;
			files = (
				D71E08F62661EC3700191512 /* friendListTests.swift in Sources */,
			);
			runOnlyForDeploymentPostprocessing = 0;
		};
		D71E08F82661EC3700191512 /* Sources */ = {
			isa = PBXSourcesBuildPhase;
			buildActionMask = 2147483647;
			files = (
				D71E09012661EC3700191512 /* friendListUITests.swift in Sources */,
			);
			runOnlyForDeploymentPostprocessing = 0;
		};
/* End PBXSourcesBuildPhase section */

/* Begin PBXTargetDependency section */
		D71E08F32661EC3700191512 /* PBXTargetDependency */ = {
			isa = PBXTargetDependency;
			target = D71E08DA2661EC3300191512 /* friendList */;
			targetProxy = D71E08F22661EC3700191512 /* PBXContainerItemProxy */;
		};
		D71E08FE2661EC3700191512 /* PBXTargetDependency */ = {
			isa = PBXTargetDependency;
			target = D71E08DA2661EC3300191512 /* friendList */;
			targetProxy = D71E08FD2661EC3700191512 /* PBXContainerItemProxy */;
		};
/* End PBXTargetDependency section */

/* Begin PBXVariantGroup section */
		D71E08E42661EC3300191512 /* Main.storyboard */ = {
			isa = PBXVariantGroup;
			children = (
				D71E08E52661EC3300191512 /* Base */,
			);
			name = Main.storyboard;
			sourceTree = "<group>";
		};
		D71E08E92661EC3600191512 /* LaunchScreen.storyboard */ = {
			isa = PBXVariantGroup;
			children = (
				D71E08EA2661EC3600191512 /* Base */,
			);
			name = LaunchScreen.storyboard;
			sourceTree = "<group>";
		};
/* End PBXVariantGroup section */

/* Begin XCBuildConfiguration section */
		D71E09032661EC3700191512 /* Debug */ = {
			isa = XCBuildConfiguration;
			buildSettings = {
				ALWAYS_SEARCH_USER_PATHS = NO;
				CLANG_ANALYZER_NONNULL = YES;
				CLANG_ANALYZER_NUMBER_OBJECT_CONVERSION = YES_AGGRESSIVE;
				CLANG_CXX_LANGUAGE_STANDARD = "gnu++14";
				CLANG_CXX_LIBRARY = "libc++";
				CLANG_ENABLE_MODULES = YES;
				CLANG_ENABLE_OBJC_ARC = YES;
				CLANG_ENABLE_OBJC_WEAK = YES;
				CLANG_WARN_BLOCK_CAPTURE_AUTORELEASING = YES;
				CLANG_WARN_BOOL_CONVERSION = YES;
				CLANG_WARN_COMMA = YES;
				CLANG_WARN_CONSTANT_CONVERSION = YES;
				CLANG_WARN_DEPRECATED_OBJC_IMPLEMENTATIONS = YES;
				CLANG_WARN_DIRECT_OBJC_ISA_USAGE = YES_ERROR;
				CLANG_WARN_DOCUMENTATION_COMMENTS = YES;
				CLANG_WARN_EMPTY_BODY = YES;
				CLANG_WARN_ENUM_CONVERSION = YES;
				CLANG_WARN_INFINITE_RECURSION = YES;
				CLANG_WARN_INT_CONVERSION = YES;
				CLANG_WARN_NON_LITERAL_NULL_CONVERSION = YES;
				CLANG_WARN_OBJC_IMPLICIT_RETAIN_SELF = YES;
				CLANG_WARN_OBJC_LITERAL_CONVERSION = YES;
				CLANG_WARN_OBJC_ROOT_CLASS = YES_ERROR;
				CLANG_WARN_QUOTED_INCLUDE_IN_FRAMEWORK_HEADER = YES;
				CLANG_WARN_RANGE_LOOP_ANALYSIS = YES;
				CLANG_WARN_STRICT_PROTOTYPES = YES;
				CLANG_WARN_SUSPICIOUS_MOVE = YES;
				CLANG_WARN_UNGUARDED_AVAILABILITY = YES_AGGRESSIVE;
				CLANG_WARN_UNREACHABLE_CODE = YES;
				CLANG_WARN__DUPLICATE_METHOD_MATCH = YES;
				COPY_PHASE_STRIP = NO;
				DEBUG_INFORMATION_FORMAT = dwarf;
				ENABLE_STRICT_OBJC_MSGSEND = YES;
				ENABLE_TESTABILITY = YES;
				GCC_C_LANGUAGE_STANDARD = gnu11;
				GCC_DYNAMIC_NO_PIC = NO;
				GCC_NO_COMMON_BLOCKS = YES;
				GCC_OPTIMIZATION_LEVEL = 0;
				GCC_PREPROCESSOR_DEFINITIONS = (
					"DEBUG=1",
					"$(inherited)",
				);
				GCC_WARN_64_TO_32_BIT_CONVERSION = YES;
				GCC_WARN_ABOUT_RETURN_TYPE = YES_ERROR;
				GCC_WARN_UNDECLARED_SELECTOR = YES;
				GCC_WARN_UNINITIALIZED_AUTOS = YES_AGGRESSIVE;
				GCC_WARN_UNUSED_FUNCTION = YES;
				GCC_WARN_UNUSED_VARIABLE = YES;
				IPHONEOS_DEPLOYMENT_TARGET = 14.5;
				MTL_ENABLE_DEBUG_INFO = INCLUDE_SOURCE;
				MTL_FAST_MATH = YES;
				ONLY_ACTIVE_ARCH = YES;
				SDKROOT = iphoneos;
				SWIFT_ACTIVE_COMPILATION_CONDITIONS = DEBUG;
				SWIFT_OPTIMIZATION_LEVEL = "-Onone";
			};
			name = Debug;
		};
		D71E09042661EC3700191512 /* Release */ = {
			isa = XCBuildConfiguration;
			buildSettings = {
				ALWAYS_SEARCH_USER_PATHS = NO;
				CLANG_ANALYZER_NONNULL = YES;
				CLANG_ANALYZER_NUMBER_OBJECT_CONVERSION = YES_AGGRESSIVE;
				CLANG_CXX_LANGUAGE_STANDARD = "gnu++14";
				CLANG_CXX_LIBRARY = "libc++";
				CLANG_ENABLE_MODULES = YES;
				CLANG_ENABLE_OBJC_ARC = YES;
				CLANG_ENABLE_OBJC_WEAK = YES;
				CLANG_WARN_BLOCK_CAPTURE_AUTORELEASING = YES;
				CLANG_WARN_BOOL_CONVERSION = YES;
				CLANG_WARN_COMMA = YES;
				CLANG_WARN_CONSTANT_CONVERSION = YES;
				CLANG_WARN_DEPRECATED_OBJC_IMPLEMENTATIONS = YES;
				CLANG_WARN_DIRECT_OBJC_ISA_USAGE = YES_ERROR;
				CLANG_WARN_DOCUMENTATION_COMMENTS = YES;
				CLANG_WARN_EMPTY_BODY = YES;
				CLANG_WARN_ENUM_CONVERSION = YES;
				CLANG_WARN_INFINITE_RECURSION = YES;
				CLANG_WARN_INT_CONVERSION = YES;
				CLANG_WARN_NON_LITERAL_NULL_CONVERSION = YES;
				CLANG_WARN_OBJC_IMPLICIT_RETAIN_SELF = YES;
				CLANG_WARN_OBJC_LITERAL_CONVERSION = YES;
				CLANG_WARN_OBJC_ROOT_CLASS = YES_ERROR;
				CLANG_WARN_QUOTED_INCLUDE_IN_FRAMEWORK_HEADER = YES;
				CLANG_WARN_RANGE_LOOP_ANALYSIS = YES;
				CLANG_WARN_STRICT_PROTOTYPES = YES;
				CLANG_WARN_SUSPICIOUS_MOVE = YES;
				CLANG_WARN_UNGUARDED_AVAILABILITY = YES_AGGRESSIVE;
				CLANG_WARN_UNREACHABLE_CODE = YES;
				CLANG_WARN__DUPLICATE_METHOD_MATCH = YES;
				COPY_PHASE_STRIP = NO;
				DEBUG_INFORMATION_FORMAT = "dwarf-with-dsym";
				ENABLE_NS_ASSERTIONS = NO;
				ENABLE_STRICT_OBJC_MSGSEND = YES;
				GCC_C_LANGUAGE_STANDARD = gnu11;
				GCC_NO_COMMON_BLOCKS = YES;
				GCC_WARN_64_TO_32_BIT_CONVERSION = YES;
				GCC_WARN_ABOUT_RETURN_TYPE = YES_ERROR;
				GCC_WARN_UNDECLARED_SELECTOR = YES;
				GCC_WARN_UNINITIALIZED_AUTOS = YES_AGGRESSIVE;
				GCC_WARN_UNUSED_FUNCTION = YES;
				GCC_WARN_UNUSED_VARIABLE = YES;
				IPHONEOS_DEPLOYMENT_TARGET = 14.5;
				MTL_ENABLE_DEBUG_INFO = NO;
				MTL_FAST_MATH = YES;
				SDKROOT = iphoneos;
				SWIFT_COMPILATION_MODE = wholemodule;
				SWIFT_OPTIMIZATION_LEVEL = "-O";
				VALIDATE_PRODUCT = YES;
			};
			name = Release;
		};
		D71E09062661EC3700191512 /* Debug */ = {
			isa = XCBuildConfiguration;
			buildSettings = {
				ASSETCATALOG_COMPILER_APPICON_NAME = AppIcon;
				ASSETCATALOG_COMPILER_GLOBAL_ACCENT_COLOR_NAME = AccentColor;
				CODE_SIGN_STYLE = Automatic;
				DEVELOPMENT_TEAM = D6LL3HL525;
				INFOPLIST_FILE = friendList/Info.plist;
				LD_RUNPATH_SEARCH_PATHS = (
					"$(inherited)",
					"@executable_path/Frameworks",
				);
				PRODUCT_BUNDLE_IDENTIFIER = M.O.friendList;
				PRODUCT_NAME = "$(TARGET_NAME)";
				SWIFT_VERSION = 5.0;
				TARGETED_DEVICE_FAMILY = "1,2";
			};
			name = Debug;
		};
		D71E09072661EC3700191512 /* Release */ = {
			isa = XCBuildConfiguration;
			buildSettings = {
				ASSETCATALOG_COMPILER_APPICON_NAME = AppIcon;
				ASSETCATALOG_COMPILER_GLOBAL_ACCENT_COLOR_NAME = AccentColor;
				CODE_SIGN_STYLE = Automatic;
				DEVELOPMENT_TEAM = D6LL3HL525;
				INFOPLIST_FILE = friendList/Info.plist;
				LD_RUNPATH_SEARCH_PATHS = (
					"$(inherited)",
					"@executable_path/Frameworks",
				);
				PRODUCT_BUNDLE_IDENTIFIER = M.O.friendList;
				PRODUCT_NAME = "$(TARGET_NAME)";
				SWIFT_VERSION = 5.0;
				TARGETED_DEVICE_FAMILY = "1,2";
			};
			name = Release;
		};
		D71E09092661EC3700191512 /* Debug */ = {
			isa = XCBuildConfiguration;
			buildSettings = {
				ALWAYS_EMBED_SWIFT_STANDARD_LIBRARIES = YES;
				BUNDLE_LOADER = "$(TEST_HOST)";
				CODE_SIGN_STYLE = Automatic;
				DEVELOPMENT_TEAM = D6LL3HL525;
				INFOPLIST_FILE = friendListTests/Info.plist;
				IPHONEOS_DEPLOYMENT_TARGET = 14.5;
				LD_RUNPATH_SEARCH_PATHS = (
					"$(inherited)",
					"@executable_path/Frameworks",
					"@loader_path/Frameworks",
				);
				PRODUCT_BUNDLE_IDENTIFIER = M.O.friendListTests;
				PRODUCT_NAME = "$(TARGET_NAME)";
				SWIFT_VERSION = 5.0;
				TARGETED_DEVICE_FAMILY = "1,2";
				TEST_HOST = "$(BUILT_PRODUCTS_DIR)/friendList.app/friendList";
			};
			name = Debug;
		};
		D71E090A2661EC3700191512 /* Release */ = {
			isa = XCBuildConfiguration;
			buildSettings = {
				ALWAYS_EMBED_SWIFT_STANDARD_LIBRARIES = YES;
				BUNDLE_LOADER = "$(TEST_HOST)";
				CODE_SIGN_STYLE = Automatic;
				DEVELOPMENT_TEAM = D6LL3HL525;
				INFOPLIST_FILE = friendListTests/Info.plist;
				IPHONEOS_DEPLOYMENT_TARGET = 14.5;
				LD_RUNPATH_SEARCH_PATHS = (
					"$(inherited)",
					"@executable_path/Frameworks",
					"@loader_path/Frameworks",
				);
				PRODUCT_BUNDLE_IDENTIFIER = M.O.friendListTests;
				PRODUCT_NAME = "$(TARGET_NAME)";
				SWIFT_VERSION = 5.0;
				TARGETED_DEVICE_FAMILY = "1,2";
				TEST_HOST = "$(BUILT_PRODUCTS_DIR)/friendList.app/friendList";
			};
			name = Release;
		};
		D71E090C2661EC3700191512 /* Debug */ = {
			isa = XCBuildConfiguration;
			buildSettings = {
				ALWAYS_EMBED_SWIFT_STANDARD_LIBRARIES = YES;
				CODE_SIGN_STYLE = Automatic;
				DEVELOPMENT_TEAM = D6LL3HL525;
				INFOPLIST_FILE = friendListUITests/Info.plist;
				LD_RUNPATH_SEARCH_PATHS = (
					"$(inherited)",
					"@executable_path/Frameworks",
					"@loader_path/Frameworks",
				);
				PRODUCT_BUNDLE_IDENTIFIER = M.O.friendListUITests;
				PRODUCT_NAME = "$(TARGET_NAME)";
				SWIFT_VERSION = 5.0;
				TARGETED_DEVICE_FAMILY = "1,2";
				TEST_TARGET_NAME = friendList;
			};
			name = Debug;
		};
		D71E090D2661EC3700191512 /* Release */ = {
			isa = XCBuildConfiguration;
			buildSettings = {
				ALWAYS_EMBED_SWIFT_STANDARD_LIBRARIES = YES;
				CODE_SIGN_STYLE = Automatic;
				DEVELOPMENT_TEAM = D6LL3HL525;
				INFOPLIST_FILE = friendListUITests/Info.plist;
				LD_RUNPATH_SEARCH_PATHS = (
					"$(inherited)",
					"@executable_path/Frameworks",
					"@loader_path/Frameworks",
				);
				PRODUCT_BUNDLE_IDENTIFIER = M.O.friendListUITests;
				PRODUCT_NAME = "$(TARGET_NAME)";
				SWIFT_VERSION = 5.0;
				TARGETED_DEVICE_FAMILY = "1,2";
				TEST_TARGET_NAME = friendList;
			};
			name = Release;
		};
/* End XCBuildConfiguration section */

/* Begin XCConfigurationList section */
		D71E08D62661EC3200191512 /* Build configuration list for PBXProject "friendList" */ = {
			isa = XCConfigurationList;
			buildConfigurations = (
				D71E09032661EC3700191512 /* Debug */,
				D71E09042661EC3700191512 /* Release */,
			);
			defaultConfigurationIsVisible = 0;
			defaultConfigurationName = Release;
		};
		D71E09052661EC3700191512 /* Build configuration list for PBXNativeTarget "friendList" */ = {
			isa = XCConfigurationList;
			buildConfigurations = (
				D71E09062661EC3700191512 /* Debug */,
				D71E09072661EC3700191512 /* Release */,
			);
			defaultConfigurationIsVisible = 0;
			defaultConfigurationName = Release;
		};
		D71E09082661EC3700191512 /* Build configuration list for PBXNativeTarget "friendListTests" */ = {
			isa = XCConfigurationList;
			buildConfigurations = (
				D71E09092661EC3700191512 /* Debug */,
				D71E090A2661EC3700191512 /* Release */,
			);
			defaultConfigurationIsVisible = 0;
			defaultConfigurationName = Release;
		};
		D71E090B2661EC3700191512 /* Build configuration list for PBXNativeTarget "friendListUITests" */ = {
			isa = XCConfigurationList;
			buildConfigurations = (
				D71E090C2661EC3700191512 /* Debug */,
				D71E090D2661EC3700191512 /* Release */,
			);
			defaultConfigurationIsVisible = 0;
			defaultConfigurationName = Release;
		};
/* End XCConfigurationList section */
	};
	rootObject = D71E08D32661EC3200191512 /* Project object */;
}
